# THIS IS AN AUTOGENERATED FILE. DO NOT EDIT THIS FILE DIRECTLY.
# yarn lockfile v1


ansi-regex@^2.0.0:
  version "2.1.1"
  resolved "https://registry.npmjs.org/ansi-regex/-/ansi-regex-2.1.1.tgz"
  integrity sha1-w7M6te42DYbg5ijwRorn7yfWVN8= sha512-TIGnTpdo+E3+pCyAluZvtED5p5wCqLdezCyhPZzKPcxvFplEt4i+W7OONCKgeZFT3+y5NZZfOOS/Bdcanm1MYA==

ansi-styles@^2.2.1:
  version "2.2.1"
  resolved "https://registry.npmjs.org/ansi-styles/-/ansi-styles-2.2.1.tgz"
  integrity sha1-tDLdM1i2NM914eRmQ2gkBTPB3b4= sha512-kmCevFghRiWM7HB5zTPULl4r9bVFSWjz62MhqizDGUrq2NWuNMQyuv4tHHoKJHs69M/MF64lEcHdYIocrdWQYA==

chalk@^1.0.0:
  version "1.1.3"
  resolved "https://registry.npmjs.org/chalk/-/chalk-1.1.3.tgz"
  integrity sha1-qBFcVeSnAv5NFQq9OHKCKn4J/Jg= sha512-U3lRVLMSlsCfjqYPbLyVv11M9CPW4I728d6TCKMAOJueEeB9/8o+eSsMnxPJD+Q+K909sdESg7C+tIkoH6on1A==
  dependencies:
    ansi-styles "^2.2.1"
    escape-string-regexp "^1.0.2"
    has-ansi "^2.0.0"
    strip-ansi "^3.0.0"
    supports-color "^2.0.0"

clone-buffer@^1.0.0:
  version "1.0.0"
  resolved "https://registry.npmjs.org/clone-buffer/-/clone-buffer-1.0.0.tgz"
  integrity sha1-4+JbIHrE5wGvch4staFnksrD3Fg= sha512-KLLTJWrvwIP+OPfMn0x2PheDEP20RPUcGXj/ERegTgdmPEZylALQldygiqrPPu8P45uNuPs7ckmReLY6v/iA5g==

clone-stats@^1.0.0:
  version "1.0.0"
  resolved "https://registry.npmjs.org/clone-stats/-/clone-stats-1.0.0.tgz"
  integrity sha1-s3gt/4u1R04Yuba/D9/ngvh3doA= sha512-au6ydSpg6nsrigcZ4m8Bc9hxjeW+GJ8xh5G3BJCMt4WXe1H10UNaVOamqQTmrx1kjVuxAHIQSNU6hY4Nsn9/ag==

clone@^2.1.1:
  version "2.1.2"
  resolved "https://registry.npmjs.org/clone/-/clone-2.1.2.tgz"
  integrity sha1-G39Ln1kfHo+DZwQBYANFoCiHQ18= sha512-3Pe/CF1Nn94hyhIYpjtiLhdCoEoz0DqQ+988E9gmeEdQZlojxnOb74wctFyuwWQHzqyf9X7C7MG8juUpqBJT8w==

cloneable-readable@^1.0.0:
  version "1.1.2"
  resolved "https://registry.npmjs.org/cloneable-readable/-/cloneable-readable-1.1.2.tgz"
  integrity sha512-Bq6+4t+lbM8vhTs/Bef5c5AdEMtapp/iFb6+s4/Hh9MVTt8OLKH7ZOOZSCT+Ys7hsHvqv0GuMPJ1lnQJVHvxpg==
  dependencies:
    inherits "^2.0.1"
    process-nextick-args "^2.0.0"
    readable-stream "^2.3.5"

core-util-is@~1.0.0:
  version "1.0.2"
  resolved "https://registry.npmjs.org/core-util-is/-/core-util-is-1.0.2.tgz"
  integrity sha1-tf1UIgqivFq1eqtxQMlAdUUDwac= sha512-3lqz5YjWTYnW6dlDa5TLaTCcShfar1e40rmcJVwCBJC6mWlFuj0eCHIElmG1g5kyuJ/GD+8Wn4FFCcz4gJPfaQ==

escape-string-regexp@^1.0.2:
  version "1.0.5"
  resolved "https://registry.npmjs.org/escape-string-regexp/-/escape-string-regexp-1.0.5.tgz"
  integrity sha1-G2HAViGQqN/2rjuyzwIAyhMLhtQ= sha512-vbRorB5FUQWvla16U8R/qgaFIya2qGzwDrNmCZuYKrbdSUMG6I1ZCGQRefkRVhuOkIGVne7BQ35DSfo1qvJqFg==

google-closure-compiler-java@^20190121.0.0:
  version "20190121.0.0"
  resolved "https://registry.npmjs.org/google-closure-compiler-java/-/google-closure-compiler-java-20190121.0.0.tgz"
  integrity sha512-UCQ7ZXOlk/g101DS4TqyW+SaoR+4GVq7NKrwebH4gnESY76Xuz7FRrKWwfAXwltmiYAUVZCVI4qpoEz48V+VjA==

google-closure-compiler-js@^20190121.0.0:
  version "20190121.0.0"
  resolved "https://registry.npmjs.org/google-closure-compiler-js/-/google-closure-compiler-js-20190121.0.0.tgz"
  integrity sha512-PgY0Fy+fXZnjir6aPz/FVJPXuwZf5pKJ9n7Hf1HL4x1lhqVIf3i+u3Ed6ZWCXa+YiEhvwH5RTQr/iPP/D3gDRg==

google-closure-compiler@^20190121.0.0:
  version "20190121.0.0"
  resolved "https://registry.npmjs.org/google-closure-compiler/-/google-closure-compiler-20190121.0.0.tgz"
  integrity sha512-FIp3+KxjtDwykDTr1WsFo0QexEopAC4bDXXZfnEdgHECF7hCeFAAsLUPxMmj9Wx+O39eFCXGAzY7w0k5aU9qjg==
  dependencies:
    chalk "^1.0.0"
    google-closure-compiler-java "^20190121.0.0"
    google-closure-compiler-js "^20190121.0.0"
    minimist "^1.2.0"
    vinyl "^2.0.1"
    vinyl-sourcemaps-apply "^0.2.0"
  optionalDependencies:
    google-closure-compiler-linux "^20190121.0.0"
    google-closure-compiler-osx "^20190121.0.0"

has-ansi@^2.0.0:
  version "2.0.0"
  resolved "https://registry.npmjs.org/has-ansi/-/has-ansi-2.0.0.tgz"
  integrity sha1-NPUEnOHs3ysGSa8+8k5F7TVBbZE= sha512-C8vBJ8DwUCx19vhm7urhTuUsr4/IyP6l4VzNQDv+ryHQObW3TTTp9yB68WpYgRe2bbaGuZ/se74IqFeVnMnLZg==
  dependencies:
    ansi-regex "^2.0.0"

inherits@^2.0.1, inherits@~2.0.3:
  version "2.0.3"
  resolved "https://registry.npmjs.org/inherits/-/inherits-2.0.3.tgz"
  integrity sha1-Yzwsg+PaQqUC9SRmAiSA9CCCYd4= sha512-x00IRNXNy63jwGkJmzPigoySHbaqpNuzKbBOmzK+g2OdZpQ9w+sxCN+VSB3ja7IAge2OP2qpfxTjeNcyjmW1uw==

isarray@~1.0.0:
  version "1.0.0"
  resolved "https://registry.npmjs.org/isarray/-/isarray-1.0.0.tgz"
  integrity sha1-u5NdSFgsuhaMBoNJV6VKPgcSTxE= sha512-VLghIWNM6ELQzo7zwmcg0NmTVyWKYjvIeM83yjp0wRDTmUnrM678fQbcKBo6n2CJEF0szoG//ytg+TKla89ALQ==

minimist@^1.2.0:
  version "1.2.8"
  resolved "https://registry.npmjs.org/minimist/-/minimist-1.2.8.tgz"
  integrity sha512-2yyAR8qBkN3YuheJanUpWC5U3bb5osDywNB8RzDVlDwDHbocAJveqqj1u8+SVD7jkWT4yvsHCpWqqWqAxb0zCA==

process-nextick-args@^2.0.0, process-nextick-args@~2.0.0:
  version "2.0.0"
  resolved "https://registry.npmjs.org/process-nextick-args/-/process-nextick-args-2.0.0.tgz"
  integrity sha512-MtEC1TqN0EU5nephaJ4rAtThHtC86dNN9qCuEhtshvpVBkAW5ZO7BASN9REnF9eoXGcRub+pFuKEpOHE+HbEMw==

readable-stream@^2.3.5:
  version "2.3.6"
  resolved "https://registry.npmjs.org/readable-stream/-/readable-stream-2.3.6.tgz"
  integrity sha512-tQtKA9WIAhBF3+VLAseyMqZeBjW0AHJoxOtYqSUZNJxauErmLbVm2FW1y+J/YA9dUrAC39ITejlZWhVIwawkKw==
  dependencies:
    core-util-is "~1.0.0"
    inherits "~2.0.3"
    isarray "~1.0.0"
    process-nextick-args "~2.0.0"
    safe-buffer "~5.1.1"
    string_decoder "~1.1.1"
    util-deprecate "~1.0.1"

remove-trailing-separator@^1.0.1:
  version "1.1.0"
  resolved "https://registry.npmjs.org/remove-trailing-separator/-/remove-trailing-separator-1.1.0.tgz"
  integrity sha1-wkvOKig62tW8P1jg1IJJuSN52O8= sha512-/hS+Y0u3aOfIETiaiirUFwDBDzmXPvO+jAfKTitUngIPzdKc6Z0LoFjM/CK5PL4C+eKwHohlHAb6H0VFfmmUsw==

replace-ext@^1.0.0:
  version "1.0.0"
  resolved "https://registry.npmjs.org/replace-ext/-/replace-ext-1.0.0.tgz"
  integrity sha1-3mMSg3P8v3w8z6TeWkgMRaZ5WOs= sha512-vuNYXC7gG7IeVNBC1xUllqCcZKRbJoSPOBhnTEcAIiKCsbuef6zO3F0Rve3isPMMoNoQRWjQwbAgAjHUHniyEA==

safe-buffer@~5.1.0, safe-buffer@~5.1.1:
  version "5.1.2"
  resolved "https://registry.npmjs.org/safe-buffer/-/safe-buffer-5.1.2.tgz"
  integrity sha512-Gd2UZBJDkXlY7GbJxfsE8/nvKkUEU1G38c1siN6QP6a9PT9MmHB8GnpscSmMJSoF8LOIrt8ud/wPtojys4G6+g==

source-map@^0.5.1:
  version "0.5.7"
  resolved "https://registry.npmjs.org/source-map/-/source-map-0.5.7.tgz"
  integrity sha1-igOdLRAh0i0eoUyA2OpGi6LvP8w= sha512-LbrmJOMUSdEVxIKvdcJzQC+nQhe8FUZQTXQy6+I75skNgn3OoQ0DZA8YnFa7gp8tqtL3KPf1kmo0R5DoApeSGQ==

string_decoder@~1.1.1:
  version "1.1.1"
  resolved "https://registry.npmjs.org/string_decoder/-/string_decoder-1.1.1.tgz"
  integrity sha512-n/ShnvDi6FHbbVfviro+WojiFzv+s8MPMHBczVePfUpDJLwoLT0ht1l4YwBCbi8pJAveEEdnkHyPyTP/mzRfwg==
  dependencies:
    safe-buffer "~5.1.0"

strip-ansi@^3.0.0:
  version "3.0.1"
  resolved "https://registry.npmjs.org/strip-ansi/-/strip-ansi-3.0.1.tgz"
  integrity sha1-ajhfuIU9lS1f8F0Oiq+UJ43GPc8= sha512-VhumSSbBqDTP8p2ZLKj40UjBCV4+v8bUSEpUb4KjRgWk9pbqGF4REFj6KEagidb2f/M6AzC0EmFyDNGaw9OCzg==
  dependencies:
    ansi-regex "^2.0.0"

supports-color@^2.0.0:
  version "2.0.0"
  resolved "https://registry.npmjs.org/supports-color/-/supports-color-2.0.0.tgz"
  integrity sha1-U10EXOa2Nj+kARcIRimZXp3zJMc= sha512-KKNVtd6pCYgPIKU4cp2733HWYCpplQhddZLBUryaAHou723x+FRzQ5Df824Fj+IyyuiQTRoub4SnIFfIcrp70g==

util-deprecate@~1.0.1:
  version "1.0.2"
  resolved "https://registry.npmjs.org/util-deprecate/-/util-deprecate-1.0.2.tgz"
  integrity sha1-RQ1Nyfpw3nMnYvvS1KKJgUGaDM8= sha512-EPD5q1uXyFxJpCrLnCc1nHnq3gOa6DZBocAIiI2TaSCA7VCJ1UJDMagCzIkXNsUYfD1daK//LTEQ8xiIbrHtcw==

vinyl-sourcemaps-apply@^0.2.0:
  version "0.2.1"
  resolved "https://registry.npmjs.org/vinyl-sourcemaps-apply/-/vinyl-sourcemaps-apply-0.2.1.tgz"
  integrity sha1-q2VJ1h0XLCsbh75cUI0jnI74dwU= sha512-+oDh3KYZBoZC8hfocrbrxbLUeaYtQK7J5WU5Br9VqWqmCll3tFJqKp97GC9GmMsVIL0qnx2DgEDVxdo5EZ5sSw==
  dependencies:
    source-map "^0.5.1"

vinyl@^2.0.1:
  version "2.2.0"
  resolved "https://registry.npmjs.org/vinyl/-/vinyl-2.2.0.tgz"
  integrity sha512-MBH+yP0kC/GQ5GwBqrTPTzEfiiLjta7hTtvQtbxBgTeSXsmKQRQecjibMbxIXzVT3Y9KJK+drOz1/k+vsu8Nkg==
  dependencies:
    clone "^2.1.1"
    clone-buffer "^1.0.0"
    clone-stats "^1.0.0"
    cloneable-readable "^1.0.0"
    remove-trailing-separator "^1.0.1"
    replace-ext "^1.0.0"
